// !$*UTF8*$!
{
	archiveVersion = 1;
	classes = {
	};
	objectVersion = 56;
	objects = {

/* Begin PBXBuildFile section */
		3BC6B9AA2BD969A400AE055F /* PokemonDetailView.swift in Sources */ = {isa = PBXBuildFile; fileRef = 3BC6B9A92BD969A400AE055F /* PokemonDetailView.swift */; };
		3BFF7C072BD16D29008C4087 /* PokedexAppApp.swift in Sources */ = {isa = PBXBuildFile; fileRef = 3BFF7C062BD16D29008C4087 /* PokedexAppApp.swift */; };
		3BFF7C092BD16D29008C4087 /* ContentView.swift in Sources */ = {isa = PBXBuildFile; fileRef = 3BFF7C082BD16D29008C4087 /* ContentView.swift */; };
		3BFF7C0B2BD16D2A008C4087 /* Assets.xcassets in Resources */ = {isa = PBXBuildFile; fileRef = 3BFF7C0A2BD16D2A008C4087 /* Assets.xcassets */; };
		3BFF7C0E2BD16D2A008C4087 /* Preview Assets.xcassets in Resources */ = {isa = PBXBuildFile; fileRef = 3BFF7C0D2BD16D2A008C4087 /* Preview Assets.xcassets */; };
		3BFF7C152BD16D6E008C4087 /* NetworkManager.swift in Sources */ = {isa = PBXBuildFile; fileRef = 3BFF7C142BD16D6E008C4087 /* NetworkManager.swift */; };
		3BFF7C172BD16EB6008C4087 /* PokemonModel.swift in Sources */ = {isa = PBXBuildFile; fileRef = 3BFF7C162BD16EB6008C4087 /* PokemonModel.swift */; };
		3BFF7C192BD17883008C4087 /* ErrorCases .swift in Sources */ = {isa = PBXBuildFile; fileRef = 3BFF7C182BD17883008C4087 /* ErrorCases .swift */; };
		3BFF7C1B2BD2D0D0008C4087 /* PokemonViewModel.swift in Sources */ = {isa = PBXBuildFile; fileRef = 3BFF7C1A2BD2D0D0008C4087 /* PokemonViewModel.swift */; };
/* End PBXBuildFile section */

/* Begin PBXFileReference section */
		3BC6B9A92BD969A400AE055F /* PokemonDetailView.swift */ = {isa = PBXFileReference; lastKnownFileType = sourcecode.swift; path = PokemonDetailView.swift; sourceTree = "<group>"; };
		3BFF7C032BD16D29008C4087 /* PokedexApp.app */ = {isa = PBXFileReference; explicitFileType = wrapper.application; includeInIndex = 0; path = PokedexApp.app; sourceTree = BUILT_PRODUCTS_DIR; };
		3BFF7C062BD16D29008C4087 /* PokedexAppApp.swift */ = {isa = PBXFileReference; lastKnownFileType = sourcecode.swift; path = PokedexAppApp.swift; sourceTree = "<group>"; };
		3BFF7C082BD16D29008C4087 /* ContentView.swift */ = {isa = PBXFileReference; lastKnownFileType = sourcecode.swift; path = ContentView.swift; sourceTree = "<group>"; };
		3BFF7C0A2BD16D2A008C4087 /* Assets.xcassets */ = {isa = PBXFileReference; lastKnownFileType = folder.assetcatalog; path = Assets.xcassets; sourceTree = "<group>"; };
		3BFF7C0D2BD16D2A008C4087 /* Preview Assets.xcassets */ = {isa = PBXFileReference; lastKnownFileType = folder.assetcatalog; path = "Preview Assets.xcassets"; sourceTree = "<group>"; };
		3BFF7C142BD16D6E008C4087 /* NetworkManager.swift */ = {isa = PBXFileReference; lastKnownFileType = sourcecode.swift; path = NetworkManager.swift; sourceTree = "<group>"; };
		3BFF7C162BD16EB6008C4087 /* PokemonModel.swift */ = {isa = PBXFileReference; lastKnownFileType = sourcecode.swift; path = PokemonModel.swift; sourceTree = "<group>"; };
		3BFF7C182BD17883008C4087 /* ErrorCases .swift */ = {isa = PBXFileReference; lastKnownFileType = sourcecode.swift; path = "ErrorCases .swift"; sourceTree = "<group>"; };
		3BFF7C1A2BD2D0D0008C4087 /* PokemonViewModel.swift */ = {isa = PBXFileReference; lastKnownFileType = sourcecode.swift; path = PokemonViewModel.swift; sourceTree = "<group>"; };
/* End PBXFileReference section */

/* Begin PBXFrameworksBuildPhase section */
		3BFF7C002BD16D29008C4087 /* Frameworks */ = {
			isa = PBXFrameworksBuildPhase;
			buildActionMask = 2147483647;
			files = (
			);
			runOnlyForDeploymentPostprocessing = 0;
		};
/* End PBXFrameworksBuildPhase section */

/* Begin PBXGroup section */
		3BFF7BFA2BD16D29008C4087 = {
			isa = PBXGroup;
			children = (
				D090B5192C125F540042DB1C /* View */,
				D090B5172C125F1C0042DB1C /* ViewModel */,
				D090B5182C125F370042DB1C /* Model */,
				3BFF7C052BD16D29008C4087 /* PokedexApp */,
				3BFF7C042BD16D29008C4087 /* Products */,
			);
			sourceTree = "<group>";
		};
		3BFF7C042BD16D29008C4087 /* Products */ = {
			isa = PBXGroup;
			children = (
				3BFF7C032BD16D29008C4087 /* PokedexApp.app */,
			);
			name = Products;
			sourceTree = "<group>";
		};
		3BFF7C052BD16D29008C4087 /* PokedexApp */ = {
			isa = PBXGroup;
			children = (
				3BFF7C062BD16D29008C4087 /* PokedexAppApp.swift */,
				3BFF7C0A2BD16D2A008C4087 /* Assets.xcassets */,
				3BFF7C0C2BD16D2A008C4087 /* Preview Content */,
			);
			path = PokedexApp;
			sourceTree = "<group>";
		};
		3BFF7C0C2BD16D2A008C4087 /* Preview Content */ = {
			isa = PBXGroup;
			children = (
				3BFF7C0D2BD16D2A008C4087 /* Preview Assets.xcassets */,
			);
			path = "Preview Content";
			sourceTree = "<group>";
		};
		D090B5172C125F1C0042DB1C /* ViewModel */ = {
			isa = PBXGroup;
			children = (
				3BFF7C182BD17883008C4087 /* ErrorCases .swift */,
				3BFF7C142BD16D6E008C4087 /* NetworkManager.swift */,
				3BFF7C1A2BD2D0D0008C4087 /* PokemonViewModel.swift */,
			);
			path = ViewModel;
			sourceTree = "<group>";
		};
		D090B5182C125F370042DB1C /* Model */ = {
			isa = PBXGroup;
			children = (
				3BFF7C162BD16EB6008C4087 /* PokemonModel.swift */,
			);
			path = Model;
			sourceTree = "<group>";
		};
		D090B5192C125F540042DB1C /* View */ = {
			isa = PBXGroup;
			children = (
				3BFF7C082BD16D29008C4087 /* ContentView.swift */,
				3BC6B9A92BD969A400AE055F /* PokemonDetailView.swift */,
			);
			path = View;
			sourceTree = "<group>";
		};
/* End PBXGroup section */

/* Begin PBXNativeTarget section */
		3BFF7C022BD16D29008C4087 /* PokedexApp */ = {
			isa = PBXNativeTarget;
			buildConfigurationList = 3BFF7C112BD16D2A008C4087 /* Build configuration list for PBXNativeTarget "PokedexApp" */;
			buildPhases = (
				3BFF7BFF2BD16D29008C4087 /* Sources */,
				3BFF7C002BD16D29008C4087 /* Frameworks */,
				3BFF7C012BD16D29008C4087 /* Resources */,
			);
			buildRules = (
			);
			dependencies = (
			);
			name = PokedexApp;
			productName = PokedexApp;
			productReference = 3BFF7C032BD16D29008C4087 /* PokedexApp.app */;
			productType = "com.apple.product-type.application";
		};
/* End PBXNativeTarget section */

/* Begin PBXProject section */
		3BFF7BFB2BD16D29008C4087 /* Project object */ = {
			isa = PBXProject;
			attributes = {
				BuildIndependentTargetsInParallel = 1;
				LastSwiftUpdateCheck = 1430;
				LastUpgradeCheck = 1430;
				TargetAttributes = {
					3BFF7C022BD16D29008C4087 = {
						CreatedOnToolsVersion = 14.3.1;
					};
				};
			};
			buildConfigurationList = 3BFF7BFE2BD16D29008C4087 /* Build configuration list for PBXProject "PokedexApp" */;
			compatibilityVersion = "Xcode 14.0";
			developmentRegion = en;
			hasScannedForEncodings = 0;
			knownRegions = (
				en,
				Base,
			);
			mainGroup = 3BFF7BFA2BD16D29008C4087;
			productRefGroup = 3BFF7C042BD16D29008C4087 /* Products */;
			projectDirPath = "";
			projectRoot = "";
			targets = (
				3BFF7C022BD16D29008C4087 /* PokedexApp */,
			);
		};
/* End PBXProject section */

/* Begin PBXResourcesBuildPhase section */
		3BFF7C012BD16D29008C4087 /* Resources */ = {
			isa = PBXResourcesBuildPhase;
			buildActionMask = 2147483647;
			files = (
				3BFF7C0E2BD16D2A008C4087 /* Preview Assets.xcassets in Resources */,
				3BFF7C0B2BD16D2A008C4087 /* Assets.xcassets in Resources */,
			);
			runOnlyForDeploymentPostprocessing = 0;
		};
/* End PBXResourcesBuildPhase section */

/* Begin PBXSourcesBuildPhase section */
		3BFF7BFF2BD16D29008C4087 /* Sources */ = {
			isa = PBXSourcesBuildPhase;
			buildActionMask = 2147483647;
			files = (
				3BFF7C152BD16D6E008C4087 /* NetworkManager.swift in Sources */,
				3BFF7C092BD16D29008C4087 /* ContentView.swift in Sources */,
				3BFF7C1B2BD2D0D0008C4087 /* PokemonViewModel.swift in Sources */,
				3BFF7C072BD16D29008C4087 /* PokedexAppApp.swift in Sources */,
				3BFF7C172BD16EB6008C4087 /* PokemonModel.swift in Sources */,
				3BC6B9AA2BD969A400AE055F /* PokemonDetailView.swift in Sources */,
				3BFF7C192BD17883008C4087 /* ErrorCases .swift in Sources */,
			);
			runOnlyForDeploymentPostprocessing = 0;
		};
/* End PBXSourcesBuildPhase section */

/* Begin XCBuildConfiguration section */
		3BFF7C0F2BD16D2A008C4087 /* Debug */ = {
			isa = XCBuildConfiguration;
			buildSettings = {
				ALWAYS_SEARCH_USER_PATHS = NO;
				CLANG_ANALYZER_NONNULL = YES;
				CLANG_ANALYZER_NUMBER_OBJECT_CONVERSION = YES_AGGRESSIVE;
				CLANG_CXX_LANGUAGE_STANDARD = "gnu++20";
				CLANG_ENABLE_MODULES = YES;
				CLANG_ENABLE_OBJC_ARC = YES;
				CLANG_ENABLE_OBJC_WEAK = YES;
				CLANG_WARN_BLOCK_CAPTURE_AUTORELEASING = YES;
				CLANG_WARN_BOOL_CONVERSION = YES;
				CLANG_WARN_COMMA = YES;
				CLANG_WARN_CONSTANT_CONVERSION = YES;
				CLANG_WARN_DEPRECATED_OBJC_IMPLEMENTATIONS = YES;
				CLANG_WARN_DIRECT_OBJC_ISA_USAGE = YES_ERROR;
				CLANG_WARN_DOCUMENTATION_COMMENTS = YES;
				CLANG_WARN_EMPTY_BODY = YES;
				CLANG_WARN_ENUM_CONVERSION = YES;
				CLANG_WARN_INFINITE_RECURSION = YES;
				CLANG_WARN_INT_CONVERSION = YES;
				CLANG_WARN_NON_LITERAL_NULL_CONVERSION = YES;
				CLANG_WARN_OBJC_IMPLICIT_RETAIN_SELF = YES;
				CLANG_WARN_OBJC_LITERAL_CONVERSION = YES;
				CLANG_WARN_OBJC_ROOT_CLASS = YES_ERROR;
				CLANG_WARN_QUOTED_INCLUDE_IN_FRAMEWORK_HEADER = YES;
				CLANG_WARN_RANGE_LOOP_ANALYSIS = YES;
				CLANG_WARN_STRICT_PROTOTYPES = YES;
				CLANG_WARN_SUSPICIOUS_MOVE = YES;
				CLANG_WARN_UNGUARDED_AVAILABILITY = YES_AGGRESSIVE;
				CLANG_WARN_UNREACHABLE_CODE = YES;
				CLANG_WARN__DUPLICATE_METHOD_MATCH = YES;
				COPY_PHASE_STRIP = NO;
				DEBUG_INFORMATION_FORMAT = dwarf;
				ENABLE_STRICT_OBJC_MSGSEND = YES;
				ENABLE_TESTABILITY = YES;
				GCC_C_LANGUAGE_STANDARD = gnu11;
				GCC_DYNAMIC_NO_PIC = NO;
				GCC_NO_COMMON_BLOCKS = YES;
				GCC_OPTIMIZATION_LEVEL = 0;
				GCC_PREPROCESSOR_DEFINITIONS = (
					"DEBUG=1",
					"$(inherited)",
				);
				GCC_WARN_64_TO_32_BIT_CONVERSION = YES;
				GCC_WARN_ABOUT_RETURN_TYPE = YES_ERROR;
				GCC_WARN_UNDECLARED_SELECTOR = YES;
				GCC_WARN_UNINITIALIZED_AUTOS = YES_AGGRESSIVE;
				GCC_WARN_UNUSED_FUNCTION = YES;
				GCC_WARN_UNUSED_VARIABLE = YES;
				IPHONEOS_DEPLOYMENT_TARGET = 16.4;
				MTL_ENABLE_DEBUG_INFO = INCLUDE_SOURCE;
				MTL_FAST_MATH = YES;
				ONLY_ACTIVE_ARCH = YES;
				SDKROOT = iphoneos;
				SWIFT_ACTIVE_COMPILATION_CONDITIONS = DEBUG;
				SWIFT_OPTIMIZATION_LEVEL = "-Onone";
			};
			name = Debug;
		};
		3BFF7C102BD16D2A008C4087 /* Release */ = {
			isa = XCBuildConfiguration;
			buildSettings = {
				ALWAYS_SEARCH_USER_PATHS = NO;
				CLANG_ANALYZER_NONNULL = YES;
				CLANG_ANALYZER_NUMBER_OBJECT_CONVERSION = YES_AGGRESSIVE;
				CLANG_CXX_LANGUAGE_STANDARD = "gnu++20";
				CLANG_ENABLE_MODULES = YES;
				CLANG_ENABLE_OBJC_ARC = YES;
				CLANG_ENABLE_OBJC_WEAK = YES;
				CLANG_WARN_BLOCK_CAPTURE_AUTORELEASING = YES;
				CLANG_WARN_BOOL_CONVERSION = YES;
				CLANG_WARN_COMMA = YES;
				CLANG_WARN_CONSTANT_CONVERSION = YES;
				CLANG_WARN_DEPRECATED_OBJC_IMPLEMENTATIONS = YES;
				CLANG_WARN_DIRECT_OBJC_ISA_USAGE = YES_ERROR;
				CLANG_WARN_DOCUMENTATION_COMMENTS = YES;
				CLANG_WARN_EMPTY_BODY = YES;
				CLANG_WARN_ENUM_CONVERSION = YES;
				CLANG_WARN_INFINITE_RECURSION = YES;
				CLANG_WARN_INT_CONVERSION = YES;
				CLANG_WARN_NON_LITERAL_NULL_CONVERSION = YES;
				CLANG_WARN_OBJC_IMPLICIT_RETAIN_SELF = YES;
				CLANG_WARN_OBJC_LITERAL_CONVERSION = YES;
				CLANG_WARN_OBJC_ROOT_CLASS = YES_ERROR;
				CLANG_WARN_QUOTED_INCLUDE_IN_FRAMEWORK_HEADER = YES;
				CLANG_WARN_RANGE_LOOP_ANALYSIS = YES;
				CLANG_WARN_STRICT_PROTOTYPES = YES;
				CLANG_WARN_SUSPICIOUS_MOVE = YES;
				CLANG_WARN_UNGUARDED_AVAILABILITY = YES_AGGRESSIVE;
				CLANG_WARN_UNREACHABLE_CODE = YES;
				CLANG_WARN__DUPLICATE_METHOD_MATCH = YES;
				COPY_PHASE_STRIP = NO;
				DEBUG_INFORMATION_FORMAT = "dwarf-with-dsym";
				ENABLE_NS_ASSERTIONS = NO;
				ENABLE_STRICT_OBJC_MSGSEND = YES;
				GCC_C_LANGUAGE_STANDARD = gnu11;
				GCC_NO_COMMON_BLOCKS = YES;
				GCC_WARN_64_TO_32_BIT_CONVERSION = YES;
				GCC_WARN_ABOUT_RETURN_TYPE = YES_ERROR;
				GCC_WARN_UNDECLARED_SELECTOR = YES;
				GCC_WARN_UNINITIALIZED_AUTOS = YES_AGGRESSIVE;
				GCC_WARN_UNUSED_FUNCTION = YES;
				GCC_WARN_UNUSED_VARIABLE = YES;
				IPHONEOS_DEPLOYMENT_TARGET = 16.4;
				MTL_ENABLE_DEBUG_INFO = NO;
				MTL_FAST_MATH = YES;
				SDKROOT = iphoneos;
				SWIFT_COMPILATION_MODE = wholemodule;
				SWIFT_OPTIMIZATION_LEVEL = "-O";
				VALIDATE_PRODUCT = YES;
			};
			name = Release;
		};
		3BFF7C122BD16D2A008C4087 /* Debug */ = {
			isa = XCBuildConfiguration;
			buildSettings = {
				ASSETCATALOG_COMPILER_APPICON_NAME = AppIcon;
				ASSETCATALOG_COMPILER_GLOBAL_ACCENT_COLOR_NAME = AccentColor;
				CODE_SIGN_STYLE = Automatic;
				CURRENT_PROJECT_VERSION = 1;
				DEVELOPMENT_ASSET_PATHS = "\"PokedexApp/Preview Content\"";
				ENABLE_PREVIEWS = YES;
				GENERATE_INFOPLIST_FILE = YES;
				INFOPLIST_KEY_UIApplicationSceneManifest_Generation = YES;
				INFOPLIST_KEY_UIApplicationSupportsIndirectInputEvents = YES;
				INFOPLIST_KEY_UILaunchScreen_Generation = YES;
				INFOPLIST_KEY_UISupportedInterfaceOrientations_iPad = "UIInterfaceOrientationPortrait UIInterfaceOrientationPortraitUpsideDown UIInterfaceOrientationLandscapeLeft UIInterfaceOrientationLandscapeRight";
				INFOPLIST_KEY_UISupportedInterfaceOrientations_iPhone = "UIInterfaceOrientationPortrait UIInterfaceOrientationLandscapeLeft UIInterfaceOrientationLandscapeRight";
				LD_RUNPATH_SEARCH_PATHS = (
					"$(inherited)",
					"@executable_path/Frameworks",
				);
				MARKETING_VERSION = 1.0;
				PRODUCT_BUNDLE_IDENTIFIER = lr.practica.PokedexApp;
				PRODUCT_NAME = "$(TARGET_NAME)";
				SWIFT_EMIT_LOC_STRINGS = YES;
				SWIFT_VERSION = 5.0;
				TARGETED_DEVICE_FAMILY = "1,2";
			};
			name = Debug;
		};
		3BFF7C132BD16D2A008C4087 /* Release */ = {
			isa = XCBuildConfiguration;
			buildSettings = {
				ASSETCATALOG_COMPILER_APPICON_NAME = AppIcon;
				ASSETCATALOG_COMPILER_GLOBAL_ACCENT_COLOR_NAME = AccentColor;
				CODE_SIGN_STYLE = Automatic;
				CURRENT_PROJECT_VERSION = 1;
				DEVELOPMENT_ASSET_PATHS = "\"PokedexApp/Preview Content\"";
				ENABLE_PREVIEWS = YES;
				GENERATE_INFOPLIST_FILE = YES;
				INFOPLIST_KEY_UIApplicationSceneManifest_Generation = YES;
				INFOPLIST_KEY_UIApplicationSupportsIndirectInputEvents = YES;
				INFOPLIST_KEY_UILaunchScreen_Generation = YES;
				INFOPLIST_KEY_UISupportedInterfaceOrientations_iPad = "UIInterfaceOrientationPortrait UIInterfaceOrientationPortraitUpsideDown UIInterfaceOrientationLandscapeLeft UIInterfaceOrientationLandscapeRight";
				INFOPLIST_KEY_UISupportedInterfaceOrientations_iPhone = "UIInterfaceOrientationPortrait UIInterfaceOrientationLandscapeLeft UIInterfaceOrientationLandscapeRight";
				LD_RUNPATH_SEARCH_PATHS = (
					"$(inherited)",
					"@executable_path/Frameworks",
				);
				MARKETING_VERSION = 1.0;
				PRODUCT_BUNDLE_IDENTIFIER = lr.practica.PokedexApp;
				PRODUCT_NAME = "$(TARGET_NAME)";
				SWIFT_EMIT_LOC_STRINGS = YES;
				SWIFT_VERSION = 5.0;
				TARGETED_DEVICE_FAMILY = "1,2";
			};
			name = Release;
		};
/* End XCBuildConfiguration section */

/* Begin XCConfigurationList section */
		3BFF7BFE2BD16D29008C4087 /* Build configuration list for PBXProject "PokedexApp" */ = {
			isa = XCConfigurationList;
			buildConfigurations = (
				3BFF7C0F2BD16D2A008C4087 /* Debug */,
				3BFF7C102BD16D2A008C4087 /* Release */,
			);
			defaultConfigurationIsVisible = 0;
			defaultConfigurationName = Release;
		};
		3BFF7C112BD16D2A008C4087 /* Build configuration list for PBXNativeTarget "PokedexApp" */ = {
			isa = XCConfigurationList;
			buildConfigurations = (
				3BFF7C122BD16D2A008C4087 /* Debug */,
				3BFF7C132BD16D2A008C4087 /* Release */,
			);
			defaultConfigurationIsVisible = 0;
			defaultConfigurationName = Release;
		};
/* End XCConfigurationList section */
	};
	rootObject = 3BFF7BFB2BD16D29008C4087 /* Project object */;
}
